
Microsoft Visual Studio Solution File, Format Version 12.00
# Visual Studio Version 17
VisualStudioVersion = 17.6.33829.357
MinimumVisualStudioVersion = 10.0.40219.1
Project("{FAE04EC0-301F-11D3-BF4B-00C04F79EFBC}") = "Casgem_Ajax", "Casgem_Ajax\Casgem_Ajax.csproj", "{5F873449-A2A9-40AE-9B88-3A517E82992F}"
EndProject
Global
	GlobalSection(SolutionConfigurationPlatforms) = preSolution
		Debug|Any CPU = Debug|Any CPU
		Release|Any CPU = Release|Any CPU
	EndGlobalSection
	GlobalSection(ProjectConfigurationPlatforms) = postSolution
		{5F873449-A2A9-40AE-9B88-3A517E82992F}.Debug|Any CPU.ActiveCfg = Debug|Any CPU
		{5F873449-A2A9-40AE-9B88-3A517E82992F}.Debug|Any CPU.Build.0 = Debug|Any CPU
		{5F873449-A2A9-40AE-9B88-3A517E82992F}.Release|Any CPU.ActiveCfg = Release|Any CPU
		{5F873449-A2A9-40AE-9B88-3A517E82992F}.Release|Any CPU.Build.0 = Release|Any CPU
	EndGlobalSection
	GlobalSection(SolutionProperties) = preSolution
		HideSolutionNode = FALSE
	EndGlobalSection
	GlobalSection(ExtensibilityGlobals) = postSolution
		SolutionGuid = {2BE149FA-F064-44CF-95FD-4FA18A5F764F}
	EndGlobalSection
EndGlobal
